// !$*UTF8*$!
{
	archiveVersion = 1;
	classes = {
	};
	objectVersion = 51;
	objects = {

/* Begin PBXBuildFile section */
		132CB4E322D3FB7C00BC7056 /* AppDelegate.m in Sources */ = {isa = PBXBuildFile; fileRef = 132CB4E222D3FB7C00BC7056 /* AppDelegate.m */; };
		132CB4E622D3FB7C00BC7056 /* ViewController.m in Sources */ = {isa = PBXBuildFile; fileRef = 132CB4E522D3FB7C00BC7056 /* ViewController.m */; };
		132CB4E922D3FB7C00BC7056 /* Main.storyboard in Resources */ = {isa = PBXBuildFile; fileRef = 132CB4E722D3FB7C00BC7056 /* Main.storyboard */; };
		132CB4EB22D3FB7D00BC7056 /* Assets.xcassets in Resources */ = {isa = PBXBuildFile; fileRef = 132CB4EA22D3FB7D00BC7056 /* Assets.xcassets */; };
		132CB4EE22D3FB7D00BC7056 /* LaunchScreen.storyboard in Resources */ = {isa = PBXBuildFile; fileRef = 132CB4EC22D3FB7D00BC7056 /* LaunchScreen.storyboard */; };
		132CB4F122D3FB7D00BC7056 /* main.m in Sources */ = {isa = PBXBuildFile; fileRef = 132CB4F022D3FB7D00BC7056 /* main.m */; };
		132CB4FB22D3FB7D00BC7056 /* InstagramTests.m in Sources */ = {isa = PBXBuildFile; fileRef = 132CB4FA22D3FB7D00BC7056 /* InstagramTests.m */; };
		132CB50622D3FB7D00BC7056 /* InstagramUITests.m in Sources */ = {isa = PBXBuildFile; fileRef = 132CB50522D3FB7D00BC7056 /* InstagramUITests.m */; };
		1395090222D50A0B00B6AF57 /* logInViewController.m in Sources */ = {isa = PBXBuildFile; fileRef = 1395090122D50A0B00B6AF57 /* logInViewController.m */; };
		1395090522D50A3200B6AF57 /* signUpViewController.m in Sources */ = {isa = PBXBuildFile; fileRef = 1395090422D50A3200B6AF57 /* signUpViewController.m */; };
		1395091622D5288400B6AF57 /* PostViewController.m in Sources */ = {isa = PBXBuildFile; fileRef = 1395091522D5288400B6AF57 /* PostViewController.m */; };
		1395091B22D53A0F00B6AF57 /* homeScreennViewController.m in Sources */ = {isa = PBXBuildFile; fileRef = 1395091A22D53A0F00B6AF57 /* homeScreennViewController.m */; };
		1395092222D55D8F00B6AF57 /* Post.m in Sources */ = {isa = PBXBuildFile; fileRef = 1395092122D55D8F00B6AF57 /* Post.m */; };
		74F733DFC7DB35F0D3504B1F /* Pods_Instagram.framework in Frameworks */ = {isa = PBXBuildFile; fileRef = EF8DF078B6E5F77D7E355F13 /* Pods_Instagram.framework */; };
		807D4B360C9658F795D3B86A /* Pods_InstagramTests.framework in Frameworks */ = {isa = PBXBuildFile; fileRef = 93A2E04C24FCE79014304705 /* Pods_InstagramTests.framework */; };
		ACBD728A3C90ECC137E768C4 /* Pods_InstagramUITests.framework in Frameworks */ = {isa = PBXBuildFile; fileRef = 65735AAC2D2715F0B3E13A50 /* Pods_InstagramUITests.framework */; };
/* End PBXBuildFile section */

/* Begin PBXContainerItemProxy section */
		132CB4F722D3FB7D00BC7056 /* PBXContainerItemProxy */ = {
			isa = PBXContainerItemProxy;
			containerPortal = 132CB4D622D3FB7C00BC7056 /* Project object */;
			proxyType = 1;
			remoteGlobalIDString = 132CB4DD22D3FB7C00BC7056;
			remoteInfo = Instagram;
		};
		132CB50222D3FB7D00BC7056 /* PBXContainerItemProxy */ = {
			isa = PBXContainerItemProxy;
			containerPortal = 132CB4D622D3FB7C00BC7056 /* Project object */;
			proxyType = 1;
			remoteGlobalIDString = 132CB4DD22D3FB7C00BC7056;
			remoteInfo = Instagram;
		};
/* End PBXContainerItemProxy section */

/* Begin PBXFileReference section */
		03784544AB1D6D827C16E155 /* Pods-InstagramUITests.debug.xcconfig */ = {isa = PBXFileReference; includeInIndex = 1; lastKnownFileType = text.xcconfig; name = "Pods-InstagramUITests.debug.xcconfig"; path = "Target Support Files/Pods-InstagramUITests/Pods-InstagramUITests.debug.xcconfig"; sourceTree = "<group>"; };
		0EDD088E4BBD85427FEEA33E /* Pods-InstagramUITests.release.xcconfig */ = {isa = PBXFileReference; includeInIndex = 1; lastKnownFileType = text.xcconfig; name = "Pods-InstagramUITests.release.xcconfig"; path = "Target Support Files/Pods-InstagramUITests/Pods-InstagramUITests.release.xcconfig"; sourceTree = "<group>"; };
		0F79BABB3CFFEB24A23C0144 /* Pods-Instagram.debug.xcconfig */ = {isa = PBXFileReference; includeInIndex = 1; lastKnownFileType = text.xcconfig; name = "Pods-Instagram.debug.xcconfig"; path = "Target Support Files/Pods-Instagram/Pods-Instagram.debug.xcconfig"; sourceTree = "<group>"; };
		132CB4DE22D3FB7C00BC7056 /* Instagram.app */ = {isa = PBXFileReference; explicitFileType = wrapper.application; includeInIndex = 0; path = Instagram.app; sourceTree = BUILT_PRODUCTS_DIR; };
		132CB4E122D3FB7C00BC7056 /* AppDelegate.h */ = {isa = PBXFileReference; lastKnownFileType = sourcecode.c.h; path = AppDelegate.h; sourceTree = "<group>"; };
		132CB4E222D3FB7C00BC7056 /* AppDelegate.m */ = {isa = PBXFileReference; lastKnownFileType = sourcecode.c.objc; path = AppDelegate.m; sourceTree = "<group>"; };
		132CB4E422D3FB7C00BC7056 /* ViewController.h */ = {isa = PBXFileReference; lastKnownFileType = sourcecode.c.h; path = ViewController.h; sourceTree = "<group>"; };
		132CB4E522D3FB7C00BC7056 /* ViewController.m */ = {isa = PBXFileReference; lastKnownFileType = sourcecode.c.objc; path = ViewController.m; sourceTree = "<group>"; };
		132CB4E822D3FB7C00BC7056 /* Base */ = {isa = PBXFileReference; lastKnownFileType = file.storyboard; name = Base; path = Base.lproj/Main.storyboard; sourceTree = "<group>"; };
		132CB4EA22D3FB7D00BC7056 /* Assets.xcassets */ = {isa = PBXFileReference; lastKnownFileType = folder.assetcatalog; path = Assets.xcassets; sourceTree = "<group>"; };
		132CB4ED22D3FB7D00BC7056 /* Base */ = {isa = PBXFileReference; lastKnownFileType = file.storyboard; name = Base; path = Base.lproj/LaunchScreen.storyboard; sourceTree = "<group>"; };
		132CB4EF22D3FB7D00BC7056 /* Info.plist */ = {isa = PBXFileReference; lastKnownFileType = text.plist.xml; path = Info.plist; sourceTree = "<group>"; };
		132CB4F022D3FB7D00BC7056 /* main.m */ = {isa = PBXFileReference; lastKnownFileType = sourcecode.c.objc; path = main.m; sourceTree = "<group>"; };
		132CB4F622D3FB7D00BC7056 /* InstagramTests.xctest */ = {isa = PBXFileReference; explicitFileType = wrapper.cfbundle; includeInIndex = 0; path = InstagramTests.xctest; sourceTree = BUILT_PRODUCTS_DIR; };
		132CB4FA22D3FB7D00BC7056 /* InstagramTests.m */ = {isa = PBXFileReference; lastKnownFileType = sourcecode.c.objc; path = InstagramTests.m; sourceTree = "<group>"; };
		132CB4FC22D3FB7D00BC7056 /* Info.plist */ = {isa = PBXFileReference; lastKnownFileType = text.plist.xml; path = Info.plist; sourceTree = "<group>"; };
		132CB50122D3FB7D00BC7056 /* InstagramUITests.xctest */ = {isa = PBXFileReference; explicitFileType = wrapper.cfbundle; includeInIndex = 0; path = InstagramUITests.xctest; sourceTree = BUILT_PRODUCTS_DIR; };
		132CB50522D3FB7D00BC7056 /* InstagramUITests.m */ = {isa = PBXFileReference; lastKnownFileType = sourcecode.c.objc; path = InstagramUITests.m; sourceTree = "<group>"; };
		132CB50722D3FB7D00BC7056 /* Info.plist */ = {isa = PBXFileReference; lastKnownFileType = text.plist.xml; path = Info.plist; sourceTree = "<group>"; };
		1395090022D50A0B00B6AF57 /* logInViewController.h */ = {isa = PBXFileReference; lastKnownFileType = sourcecode.c.h; path = logInViewController.h; sourceTree = "<group>"; };
		1395090122D50A0B00B6AF57 /* logInViewController.m */ = {isa = PBXFileReference; lastKnownFileType = sourcecode.c.objc; path = logInViewController.m; sourceTree = "<group>"; };
		1395090322D50A3200B6AF57 /* signUpViewController.h */ = {isa = PBXFileReference; lastKnownFileType = sourcecode.c.h; path = signUpViewController.h; sourceTree = "<group>"; };
		1395090422D50A3200B6AF57 /* signUpViewController.m */ = {isa = PBXFileReference; lastKnownFileType = sourcecode.c.objc; path = signUpViewController.m; sourceTree = "<group>"; };
		1395091422D5288400B6AF57 /* PostViewController.h */ = {isa = PBXFileReference; lastKnownFileType = sourcecode.c.h; path = PostViewController.h; sourceTree = "<group>"; };
		1395091522D5288400B6AF57 /* PostViewController.m */ = {isa = PBXFileReference; lastKnownFileType = sourcecode.c.objc; path = PostViewController.m; sourceTree = "<group>"; };
		1395091922D53A0F00B6AF57 /* homeScreennViewController.h */ = {isa = PBXFileReference; lastKnownFileType = sourcecode.c.h; path = homeScreennViewController.h; sourceTree = "<group>"; };
		1395091A22D53A0F00B6AF57 /* homeScreennViewController.m */ = {isa = PBXFileReference; lastKnownFileType = sourcecode.c.objc; path = homeScreennViewController.m; sourceTree = "<group>"; };
		1395092022D55D8F00B6AF57 /* Post.h */ = {isa = PBXFileReference; lastKnownFileType = sourcecode.c.h; path = Post.h; sourceTree = "<group>"; };
		1395092122D55D8F00B6AF57 /* Post.m */ = {isa = PBXFileReference; lastKnownFileType = sourcecode.c.objc; path = Post.m; sourceTree = "<group>"; };
		4F45A3664B6B765BEE24FA97 /* Pods-InstagramTests.release.xcconfig */ = {isa = PBXFileReference; includeInIndex = 1; lastKnownFileType = text.xcconfig; name = "Pods-InstagramTests.release.xcconfig"; path = "Target Support Files/Pods-InstagramTests/Pods-InstagramTests.release.xcconfig"; sourceTree = "<group>"; };
		65735AAC2D2715F0B3E13A50 /* Pods_InstagramUITests.framework */ = {isa = PBXFileReference; explicitFileType = wrapper.framework; includeInIndex = 0; path = Pods_InstagramUITests.framework; sourceTree = BUILT_PRODUCTS_DIR; };
		93A2E04C24FCE79014304705 /* Pods_InstagramTests.framework */ = {isa = PBXFileReference; explicitFileType = wrapper.framework; includeInIndex = 0; path = Pods_InstagramTests.framework; sourceTree = BUILT_PRODUCTS_DIR; };
		D589B4B983758F0196548355 /* Pods-Instagram.release.xcconfig */ = {isa = PBXFileReference; includeInIndex = 1; lastKnownFileType = text.xcconfig; name = "Pods-Instagram.release.xcconfig"; path = "Target Support Files/Pods-Instagram/Pods-Instagram.release.xcconfig"; sourceTree = "<group>"; };
		E976C967CD37895DBB102EF9 /* Pods-InstagramTests.debug.xcconfig */ = {isa = PBXFileReference; includeInIndex = 1; lastKnownFileType = text.xcconfig; name = "Pods-InstagramTests.debug.xcconfig"; path = "Target Support Files/Pods-InstagramTests/Pods-InstagramTests.debug.xcconfig"; sourceTree = "<group>"; };
		EF8DF078B6E5F77D7E355F13 /* Pods_Instagram.framework */ = {isa = PBXFileReference; explicitFileType = wrapper.framework; includeInIndex = 0; path = Pods_Instagram.framework; sourceTree = BUILT_PRODUCTS_DIR; };
/* End PBXFileReference section */

/* Begin PBXFrameworksBuildPhase section */
		132CB4DB22D3FB7C00BC7056 /* Frameworks */ = {
			isa = PBXFrameworksBuildPhase;
			buildActionMask = 2147483647;
			files = (
				74F733DFC7DB35F0D3504B1F /* Pods_Instagram.framework in Frameworks */,
			);
			runOnlyForDeploymentPostprocessing = 0;
		};
		132CB4F322D3FB7D00BC7056 /* Frameworks */ = {
			isa = PBXFrameworksBuildPhase;
			buildActionMask = 2147483647;
			files = (
				807D4B360C9658F795D3B86A /* Pods_InstagramTests.framework in Frameworks */,
			);
			runOnlyForDeploymentPostprocessing = 0;
		};
		132CB4FE22D3FB7D00BC7056 /* Frameworks */ = {
			isa = PBXFrameworksBuildPhase;
			buildActionMask = 2147483647;
			files = (
				ACBD728A3C90ECC137E768C4 /* Pods_InstagramUITests.framework in Frameworks */,
			);
			runOnlyForDeploymentPostprocessing = 0;
		};
/* End PBXFrameworksBuildPhase section */

/* Begin PBXGroup section */
		132CB4D522D3FB7C00BC7056 = {
			isa = PBXGroup;
			children = (
				132CB4E022D3FB7C00BC7056 /* Instagram */,
				132CB4F922D3FB7D00BC7056 /* InstagramTests */,
				132CB50422D3FB7D00BC7056 /* InstagramUITests */,
				132CB4DF22D3FB7C00BC7056 /* Products */,
				CA432BC9C6696BCDF02F12BC /* Pods */,
				5A185BB49C7540C01FEA060D /* Frameworks */,
			);
			sourceTree = "<group>";
		};
		132CB4DF22D3FB7C00BC7056 /* Products */ = {
			isa = PBXGroup;
			children = (
				132CB4DE22D3FB7C00BC7056 /* Instagram.app */,
				132CB4F622D3FB7D00BC7056 /* InstagramTests.xctest */,
				132CB50122D3FB7D00BC7056 /* InstagramUITests.xctest */,
			);
			name = Products;
			sourceTree = "<group>";
		};
		132CB4E022D3FB7C00BC7056 /* Instagram */ = {
			isa = PBXGroup;
			children = (
				1395091C22D54FDF00B6AF57 /* Models */,
				139508FF22D509E900B6AF57 /* View Controllers */,
				132CB4E122D3FB7C00BC7056 /* AppDelegate.h */,
				132CB4E222D3FB7C00BC7056 /* AppDelegate.m */,
				132CB4E422D3FB7C00BC7056 /* ViewController.h */,
				132CB4E522D3FB7C00BC7056 /* ViewController.m */,
				132CB4E722D3FB7C00BC7056 /* Main.storyboard */,
				132CB4EA22D3FB7D00BC7056 /* Assets.xcassets */,
				132CB4EC22D3FB7D00BC7056 /* LaunchScreen.storyboard */,
				132CB4EF22D3FB7D00BC7056 /* Info.plist */,
				132CB4F022D3FB7D00BC7056 /* main.m */,
			);
			path = Instagram;
			sourceTree = "<group>";
		};
		132CB4F922D3FB7D00BC7056 /* InstagramTests */ = {
			isa = PBXGroup;
			children = (
				132CB4FA22D3FB7D00BC7056 /* InstagramTests.m */,
				132CB4FC22D3FB7D00BC7056 /* Info.plist */,
			);
			path = InstagramTests;
			sourceTree = "<group>";
		};
		132CB50422D3FB7D00BC7056 /* InstagramUITests */ = {
			isa = PBXGroup;
			children = (
				132CB50522D3FB7D00BC7056 /* InstagramUITests.m */,
				132CB50722D3FB7D00BC7056 /* Info.plist */,
			);
			path = InstagramUITests;
			sourceTree = "<group>";
		};
		139508FF22D509E900B6AF57 /* View Controllers */ = {
			isa = PBXGroup;
			children = (
				1395090022D50A0B00B6AF57 /* logInViewController.h */,
				1395090122D50A0B00B6AF57 /* logInViewController.m */,
				1395090322D50A3200B6AF57 /* signUpViewController.h */,
				1395090422D50A3200B6AF57 /* signUpViewController.m */,
				1395091422D5288400B6AF57 /* PostViewController.h */,
				1395091522D5288400B6AF57 /* PostViewController.m */,
				1395091922D53A0F00B6AF57 /* homeScreennViewController.h */,
				1395091A22D53A0F00B6AF57 /* homeScreennViewController.m */,
			);
			path = "View Controllers";
			sourceTree = "<group>";
		};
		1395091C22D54FDF00B6AF57 /* Models */ = {
			isa = PBXGroup;
			children = (
				1395092022D55D8F00B6AF57 /* Post.h */,
				1395092122D55D8F00B6AF57 /* Post.m */,
			);
			path = Models;
			sourceTree = "<group>";
		};
		5A185BB49C7540C01FEA060D /* Frameworks */ = {
			isa = PBXGroup;
			children = (
				EF8DF078B6E5F77D7E355F13 /* Pods_Instagram.framework */,
				93A2E04C24FCE79014304705 /* Pods_InstagramTests.framework */,
				65735AAC2D2715F0B3E13A50 /* Pods_InstagramUITests.framework */,
			);
			name = Frameworks;
			sourceTree = "<group>";
		};
		CA432BC9C6696BCDF02F12BC /* Pods */ = {
			isa = PBXGroup;
			children = (
				0F79BABB3CFFEB24A23C0144 /* Pods-Instagram.debug.xcconfig */,
				D589B4B983758F0196548355 /* Pods-Instagram.release.xcconfig */,
				E976C967CD37895DBB102EF9 /* Pods-InstagramTests.debug.xcconfig */,
				4F45A3664B6B765BEE24FA97 /* Pods-InstagramTests.release.xcconfig */,
				03784544AB1D6D827C16E155 /* Pods-InstagramUITests.debug.xcconfig */,
				0EDD088E4BBD85427FEEA33E /* Pods-InstagramUITests.release.xcconfig */,
			);
			path = Pods;
			sourceTree = "<group>";
		};
/* End PBXGroup section */

/* Begin PBXNativeTarget section */
		132CB4DD22D3FB7C00BC7056 /* Instagram */ = {
			isa = PBXNativeTarget;
			buildConfigurationList = 132CB50A22D3FB7D00BC7056 /* Build configuration list for PBXNativeTarget "Instagram" */;
			buildPhases = (
				14126FFE9A339D8AC45862EC /* [CP] Check Pods Manifest.lock */,
				132CB4DA22D3FB7C00BC7056 /* Sources */,
				132CB4DB22D3FB7C00BC7056 /* Frameworks */,
				132CB4DC22D3FB7C00BC7056 /* Resources */,
				1A210D834B952EBA3C2F671C /* [CP] Embed Pods Frameworks */,
			);
			buildRules = (
			);
			dependencies = (
			);
			name = Instagram;
			productName = Instagram;
			productReference = 132CB4DE22D3FB7C00BC7056 /* Instagram.app */;
			productType = "com.apple.product-type.application";
		};
		132CB4F522D3FB7D00BC7056 /* InstagramTests */ = {
			isa = PBXNativeTarget;
			buildConfigurationList = 132CB50D22D3FB7D00BC7056 /* Build configuration list for PBXNativeTarget "InstagramTests" */;
			buildPhases = (
				F5B27886DEFD6F3EFA9FF603 /* [CP] Check Pods Manifest.lock */,
				132CB4F222D3FB7D00BC7056 /* Sources */,
				132CB4F322D3FB7D00BC7056 /* Frameworks */,
				132CB4F422D3FB7D00BC7056 /* Resources */,
			);
			buildRules = (
			);
			dependencies = (
				132CB4F822D3FB7D00BC7056 /* PBXTargetDependency */,
			);
			name = InstagramTests;
			productName = InstagramTests;
			productReference = 132CB4F622D3FB7D00BC7056 /* InstagramTests.xctest */;
			productType = "com.apple.product-type.bundle.unit-test";
		};
		132CB50022D3FB7D00BC7056 /* InstagramUITests */ = {
			isa = PBXNativeTarget;
			buildConfigurationList = 132CB51022D3FB7D00BC7056 /* Build configuration list for PBXNativeTarget "InstagramUITests" */;
			buildPhases = (
				2467E2BD9DA23EB5F09A7D40 /* [CP] Check Pods Manifest.lock */,
				132CB4FD22D3FB7D00BC7056 /* Sources */,
				132CB4FE22D3FB7D00BC7056 /* Frameworks */,
				132CB4FF22D3FB7D00BC7056 /* Resources */,
			);
			buildRules = (
			);
			dependencies = (
				132CB50322D3FB7D00BC7056 /* PBXTargetDependency */,
			);
			name = InstagramUITests;
			productName = InstagramUITests;
			productReference = 132CB50122D3FB7D00BC7056 /* InstagramUITests.xctest */;
			productType = "com.apple.product-type.bundle.ui-testing";
		};
/* End PBXNativeTarget section */

/* Begin PBXProject section */
		132CB4D622D3FB7C00BC7056 /* Project object */ = {
			isa = PBXProject;
			attributes = {
				LastUpgradeCheck = 1020;
				ORGANIZATIONNAME = danyguajiba;
				TargetAttributes = {
					132CB4DD22D3FB7C00BC7056 = {
						CreatedOnToolsVersion = 10.2.1;
					};
					132CB4F522D3FB7D00BC7056 = {
						CreatedOnToolsVersion = 10.2.1;
						TestTargetID = 132CB4DD22D3FB7C00BC7056;
					};
					132CB50022D3FB7D00BC7056 = {
						CreatedOnToolsVersion = 10.2.1;
						TestTargetID = 132CB4DD22D3FB7C00BC7056;
					};
				};
			};
			buildConfigurationList = 132CB4D922D3FB7C00BC7056 /* Build configuration list for PBXProject "Instagram" */;
			compatibilityVersion = "Xcode 9.3";
			developmentRegion = en;
			hasScannedForEncodings = 0;
			knownRegions = (
				en,
				Base,
			);
			mainGroup = 132CB4D522D3FB7C00BC7056;
			productRefGroup = 132CB4DF22D3FB7C00BC7056 /* Products */;
			projectDirPath = "";
			projectRoot = "";
			targets = (
				132CB4DD22D3FB7C00BC7056 /* Instagram */,
				132CB4F522D3FB7D00BC7056 /* InstagramTests */,
				132CB50022D3FB7D00BC7056 /* InstagramUITests */,
			);
		};
/* End PBXProject section */

/* Begin PBXResourcesBuildPhase section */
		132CB4DC22D3FB7C00BC7056 /* Resources */ = {
			isa = PBXResourcesBuildPhase;
			buildActionMask = 2147483647;
			files = (
				132CB4EE22D3FB7D00BC7056 /* LaunchScreen.storyboard in Resources */,
				132CB4EB22D3FB7D00BC7056 /* Assets.xcassets in Resources */,
				132CB4E922D3FB7C00BC7056 /* Main.storyboard in Resources */,
			);
			runOnlyForDeploymentPostprocessing = 0;
		};
		132CB4F422D3FB7D00BC7056 /* Resources */ = {
			isa = PBXResourcesBuildPhase;
			buildActionMask = 2147483647;
			files = (
			);
			runOnlyForDeploymentPostprocessing = 0;
		};
		132CB4FF22D3FB7D00BC7056 /* Resources */ = {
			isa = PBXResourcesBuildPhase;
			buildActionMask = 2147483647;
			files = (
			);
			runOnlyForDeploymentPostprocessing = 0;
		};
/* End PBXResourcesBuildPhase section */

/* Begin PBXShellScriptBuildPhase section */
		14126FFE9A339D8AC45862EC /* [CP] Check Pods Manifest.lock */ = {
			isa = PBXShellScriptBuildPhase;
			buildActionMask = 2147483647;
			files = (
			);
			inputFileListPaths = (
			);
			inputPaths = (
				"${PODS_PODFILE_DIR_PATH}/Podfile.lock",
				"${PODS_ROOT}/Manifest.lock",
			);
			name = "[CP] Check Pods Manifest.lock";
			outputFileListPaths = (
			);
			outputPaths = (
				"$(DERIVED_FILE_DIR)/Pods-Instagram-checkManifestLockResult.txt",
			);
			runOnlyForDeploymentPostprocessing = 0;
			shellPath = /bin/sh;
			shellScript = "diff \"${PODS_PODFILE_DIR_PATH}/Podfile.lock\" \"${PODS_ROOT}/Manifest.lock\" > /dev/null\nif [ $? != 0 ] ; then\n    # print error to STDERR\n    echo \"error: The sandbox is not in sync with the Podfile.lock. Run 'pod install' or update your CocoaPods installation.\" >&2\n    exit 1\nfi\n# This output is used by Xcode 'outputs' to avoid re-running this script phase.\necho \"SUCCESS\" > \"${SCRIPT_OUTPUT_FILE_0}\"\n";
			showEnvVarsInLog = 0;
		};
		1A210D834B952EBA3C2F671C /* [CP] Embed Pods Frameworks */ = {
			isa = PBXShellScriptBuildPhase;
			buildActionMask = 2147483647;
			files = (
			);
			inputFileListPaths = (
				"${PODS_ROOT}/Target Support Files/Pods-Instagram/Pods-Instagram-frameworks-${CONFIGURATION}-input-files.xcfilelist",
			);
			name = "[CP] Embed Pods Frameworks";
			outputFileListPaths = (
				"${PODS_ROOT}/Target Support Files/Pods-Instagram/Pods-Instagram-frameworks-${CONFIGURATION}-output-files.xcfilelist",
			);
			runOnlyForDeploymentPostprocessing = 0;
			shellPath = /bin/sh;
			shellScript = "\"${PODS_ROOT}/Target Support Files/Pods-Instagram/Pods-Instagram-frameworks.sh\"\n";
			showEnvVarsInLog = 0;
		};
		2467E2BD9DA23EB5F09A7D40 /* [CP] Check Pods Manifest.lock */ = {
			isa = PBXShellScriptBuildPhase;
			buildActionMask = 2147483647;
			files = (
			);
			inputFileListPaths = (
			);
			inputPaths = (
				"${PODS_PODFILE_DIR_PATH}/Podfile.lock",
				"${PODS_ROOT}/Manifest.lock",
			);
			name = "[CP] Check Pods Manifest.lock";
			outputFileListPaths = (
			);
			outputPaths = (
				"$(DERIVED_FILE_DIR)/Pods-InstagramUITests-checkManifestLockResult.txt",
			);
			runOnlyForDeploymentPostprocessing = 0;
			shellPath = /bin/sh;
			shellScript = "diff \"${PODS_PODFILE_DIR_PATH}/Podfile.lock\" \"${PODS_ROOT}/Manifest.lock\" > /dev/null\nif [ $? != 0 ] ; then\n    # print error to STDERR\n    echo \"error: The sandbox is not in sync with the Podfile.lock. Run 'pod install' or update your CocoaPods installation.\" >&2\n    exit 1\nfi\n# This output is used by Xcode 'outputs' to avoid re-running this script phase.\necho \"SUCCESS\" > \"${SCRIPT_OUTPUT_FILE_0}\"\n";
			showEnvVarsInLog = 0;
		};
		F5B27886DEFD6F3EFA9FF603 /* [CP] Check Pods Manifest.lock */ = {
			isa = PBXShellScriptBuildPhase;
			buildActionMask = 2147483647;
			files = (
			);
			inputFileListPaths = (
			);
			inputPaths = (
				"${PODS_PODFILE_DIR_PATH}/Podfile.lock",
				"${PODS_ROOT}/Manifest.lock",
			);
			name = "[CP] Check Pods Manifest.lock";
			outputFileListPaths = (
			);
			outputPaths = (
				"$(DERIVED_FILE_DIR)/Pods-InstagramTests-checkManifestLockResult.txt",
			);
			runOnlyForDeploymentPostprocessing = 0;
			shellPath = /bin/sh;
			shellScript = "diff \"${PODS_PODFILE_DIR_PATH}/Podfile.lock\" \"${PODS_ROOT}/Manifest.lock\" > /dev/null\nif [ $? != 0 ] ; then\n    # print error to STDERR\n    echo \"error: The sandbox is not in sync with the Podfile.lock. Run 'pod install' or update your CocoaPods installation.\" >&2\n    exit 1\nfi\n# This output is used by Xcode 'outputs' to avoid re-running this script phase.\necho \"SUCCESS\" > \"${SCRIPT_OUTPUT_FILE_0}\"\n";
			showEnvVarsInLog = 0;
		};
/* End PBXShellScriptBuildPhase section */

/* Begin PBXSourcesBuildPhase section */
		132CB4DA22D3FB7C00BC7056 /* Sources */ = {
			isa = PBXSourcesBuildPhase;
			buildActionMask = 2147483647;
			files = (
				1395091622D5288400B6AF57 /* PostViewController.m in Sources */,
				1395090522D50A3200B6AF57 /* signUpViewController.m in Sources */,
				1395090222D50A0B00B6AF57 /* logInViewController.m in Sources */,
				1395091B22D53A0F00B6AF57 /* homeScreennViewController.m in Sources */,
				132CB4E622D3FB7C00BC7056 /* ViewController.m in Sources */,
				132CB4F122D3FB7D00BC7056 /* main.m in Sources */,
				132CB4E322D3FB7C00BC7056 /* AppDelegate.m in Sources */,
				1395092222D55D8F00B6AF57 /* Post.m in Sources */,
			);
			runOnlyForDeploymentPostprocessing = 0;
		};
		132CB4F222D3FB7D00BC7056 /* Sources */ = {
			isa = PBXSourcesBuildPhase;
			buildActionMask = 2147483647;
			files = (
				132CB4FB22D3FB7D00BC7056 /* InstagramTests.m in Sources */,
			);
			runOnlyForDeploymentPostprocessing = 0;
		};
		132CB4FD22D3FB7D00BC7056 /* Sources */ = {
			isa = PBXSourcesBuildPhase;
			buildActionMask = 2147483647;
			files = (
				132CB50622D3FB7D00BC7056 /* InstagramUITests.m in Sources */,
			);
			runOnlyForDeploymentPostprocessing = 0;
		};
/* End PBXSourcesBuildPhase section */

/* Begin PBXTargetDependency section */
		132CB4F822D3FB7D00BC7056 /* PBXTargetDependency */ = {
			isa = PBXTargetDependency;
			target = 132CB4DD22D3FB7C00BC7056 /* Instagram */;
			targetProxy = 132CB4F722D3FB7D00BC7056 /* PBXContainerItemProxy */;
		};
		132CB50322D3FB7D00BC7056 /* PBXTargetDependency */ = {
			isa = PBXTargetDependency;
			target = 132CB4DD22D3FB7C00BC7056 /* Instagram */;
			targetProxy = 132CB50222D3FB7D00BC7056 /* PBXContainerItemProxy */;
		};
/* End PBXTargetDependency section */

/* Begin PBXVariantGroup section */
		132CB4E722D3FB7C00BC7056 /* Main.storyboard */ = {
			isa = PBXVariantGroup;
			children = (
				132CB4E822D3FB7C00BC7056 /* Base */,
			);
			name = Main.storyboard;
			sourceTree = "<group>";
		};
		132CB4EC22D3FB7D00BC7056 /* LaunchScreen.storyboard */ = {
			isa = PBXVariantGroup;
			children = (
				132CB4ED22D3FB7D00BC7056 /* Base */,
			);
			name = LaunchScreen.storyboard;
			sourceTree = "<group>";
		};
/* End PBXVariantGroup section */

/* Begin XCBuildConfiguration section */
		132CB50822D3FB7D00BC7056 /* Debug */ = {
			isa = XCBuildConfiguration;
			buildSettings = {
				ALWAYS_SEARCH_USER_PATHS = NO;
				CLANG_ANALYZER_NONNULL = YES;
				CLANG_ANALYZER_NUMBER_OBJECT_CONVERSION = YES_AGGRESSIVE;
				CLANG_CXX_LANGUAGE_STANDARD = "gnu++14";
				CLANG_CXX_LIBRARY = "libc++";
				CLANG_ENABLE_MODULES = YES;
				CLANG_ENABLE_OBJC_ARC = YES;
				CLANG_ENABLE_OBJC_WEAK = YES;
				CLANG_WARN_BLOCK_CAPTURE_AUTORELEASING = YES;
				CLANG_WARN_BOOL_CONVERSION = YES;
				CLANG_WARN_COMMA = YES;
				CLANG_WARN_CONSTANT_CONVERSION = YES;
				CLANG_WARN_DEPRECATED_OBJC_IMPLEMENTATIONS = YES;
				CLANG_WARN_DIRECT_OBJC_ISA_USAGE = YES_ERROR;
				CLANG_WARN_DOCUMENTATION_COMMENTS = YES;
				CLANG_WARN_EMPTY_BODY = YES;
				CLANG_WARN_ENUM_CONVERSION = YES;
				CLANG_WARN_INFINITE_RECURSION = YES;
				CLANG_WARN_INT_CONVERSION = YES;
				CLANG_WARN_NON_LITERAL_NULL_CONVERSION = YES;
				CLANG_WARN_OBJC_IMPLICIT_RETAIN_SELF = YES;
				CLANG_WARN_OBJC_LITERAL_CONVERSION = YES;
				CLANG_WARN_OBJC_ROOT_CLASS = YES_ERROR;
				CLANG_WARN_RANGE_LOOP_ANALYSIS = YES;
				CLANG_WARN_STRICT_PROTOTYPES = YES;
				CLANG_WARN_SUSPICIOUS_MOVE = YES;
				CLANG_WARN_UNGUARDED_AVAILABILITY = YES_AGGRESSIVE;
				CLANG_WARN_UNREACHABLE_CODE = YES;
				CLANG_WARN__DUPLICATE_METHOD_MATCH = YES;
				CODE_SIGN_IDENTITY = "iPhone Developer";
				COPY_PHASE_STRIP = NO;
				DEBUG_INFORMATION_FORMAT = dwarf;
				ENABLE_STRICT_OBJC_MSGSEND = YES;
				ENABLE_TESTABILITY = YES;
				GCC_C_LANGUAGE_STANDARD = gnu11;
				GCC_DYNAMIC_NO_PIC = NO;
				GCC_NO_COMMON_BLOCKS = YES;
				GCC_OPTIMIZATION_LEVEL = 0;
				GCC_PREPROCESSOR_DEFINITIONS = (
					"DEBUG=1",
					"$(inherited)",
				);
				GCC_WARN_64_TO_32_BIT_CONVERSION = YES;
				GCC_WARN_ABOUT_RETURN_TYPE = YES_ERROR;
				GCC_WARN_UNDECLARED_SELECTOR = YES;
				GCC_WARN_UNINITIALIZED_AUTOS = YES_AGGRESSIVE;
				GCC_WARN_UNUSED_FUNCTION = YES;
				GCC_WARN_UNUSED_VARIABLE = YES;
				IPHONEOS_DEPLOYMENT_TARGET = 12.2;
				MTL_ENABLE_DEBUG_INFO = INCLUDE_SOURCE;
				MTL_FAST_MATH = YES;
				ONLY_ACTIVE_ARCH = YES;
				SDKROOT = iphoneos;
			};
			name = Debug;
		};
		132CB50922D3FB7D00BC7056 /* Release */ = {
			isa = XCBuildConfiguration;
			buildSettings = {
				ALWAYS_SEARCH_USER_PATHS = NO;
				CLANG_ANALYZER_NONNULL = YES;
				CLANG_ANALYZER_NUMBER_OBJECT_CONVERSION = YES_AGGRESSIVE;
				CLANG_CXX_LANGUAGE_STANDARD = "gnu++14";
				CLANG_CXX_LIBRARY = "libc++";
				CLANG_ENABLE_MODULES = YES;
				CLANG_ENABLE_OBJC_ARC = YES;
				CLANG_ENABLE_OBJC_WEAK = YES;
				CLANG_WARN_BLOCK_CAPTURE_AUTORELEASING = YES;
				CLANG_WARN_BOOL_CONVERSION = YES;
				CLANG_WARN_COMMA = YES;
				CLANG_WARN_CONSTANT_CONVERSION = YES;
				CLANG_WARN_DEPRECATED_OBJC_IMPLEMENTATIONS = YES;
				CLANG_WARN_DIRECT_OBJC_ISA_USAGE = YES_ERROR;
				CLANG_WARN_DOCUMENTATION_COMMENTS = YES;
				CLANG_WARN_EMPTY_BODY = YES;
				CLANG_WARN_ENUM_CONVERSION = YES;
				CLANG_WARN_INFINITE_RECURSION = YES;
				CLANG_WARN_INT_CONVERSION = YES;
				CLANG_WARN_NON_LITERAL_NULL_CONVERSION = YES;
				CLANG_WARN_OBJC_IMPLICIT_RETAIN_SELF = YES;
				CLANG_WARN_OBJC_LITERAL_CONVERSION = YES;
				CLANG_WARN_OBJC_ROOT_CLASS = YES_ERROR;
				CLANG_WARN_RANGE_LOOP_ANALYSIS = YES;
				CLANG_WARN_STRICT_PROTOTYPES = YES;
				CLANG_WARN_SUSPICIOUS_MOVE = YES;
				CLANG_WARN_UNGUARDED_AVAILABILITY = YES_AGGRESSIVE;
				CLANG_WARN_UNREACHABLE_CODE = YES;
				CLANG_WARN__DUPLICATE_METHOD_MATCH = YES;
				CODE_SIGN_IDENTITY = "iPhone Developer";
				COPY_PHASE_STRIP = NO;
				DEBUG_INFORMATION_FORMAT = "dwarf-with-dsym";
				ENABLE_NS_ASSERTIONS = NO;
				ENABLE_STRICT_OBJC_MSGSEND = YES;
				GCC_C_LANGUAGE_STANDARD = gnu11;
				GCC_NO_COMMON_BLOCKS = YES;
				GCC_WARN_64_TO_32_BIT_CONVERSION = YES;
				GCC_WARN_ABOUT_RETURN_TYPE = YES_ERROR;
				GCC_WARN_UNDECLARED_SELECTOR = YES;
				GCC_WARN_UNINITIALIZED_AUTOS = YES_AGGRESSIVE;
				GCC_WARN_UNUSED_FUNCTION = YES;
				GCC_WARN_UNUSED_VARIABLE = YES;
				IPHONEOS_DEPLOYMENT_TARGET = 12.2;
				MTL_ENABLE_DEBUG_INFO = NO;
				MTL_FAST_MATH = YES;
				SDKROOT = iphoneos;
				VALIDATE_PRODUCT = YES;
			};
			name = Release;
		};
		132CB50B22D3FB7D00BC7056 /* Debug */ = {
			isa = XCBuildConfiguration;
			baseConfigurationReference = 0F79BABB3CFFEB24A23C0144 /* Pods-Instagram.debug.xcconfig */;
			buildSettings = {
				ASSETCATALOG_COMPILER_APPICON_NAME = AppIcon;
				CODE_SIGN_STYLE = Automatic;
				DEVELOPMENT_TEAM = 5QDTCYT726;
				INFOPLIST_FILE = Instagram/Info.plist;
				LD_RUNPATH_SEARCH_PATHS = (
					"$(inherited)",
					"@executable_path/Frameworks",
				);
				PRODUCT_BUNDLE_IDENTIFIER = "danyguajiba-gmail.com.Instagram";
				PRODUCT_NAME = "$(TARGET_NAME)";
				TARGETED_DEVICE_FAMILY = "1,2";
			};
			name = Debug;
		};
		132CB50C22D3FB7D00BC7056 /* Release */ = {
			isa = XCBuildConfiguration;
			baseConfigurationReference = D589B4B983758F0196548355 /* Pods-Instagram.release.xcconfig */;
			buildSettings = {
				ASSETCATALOG_COMPILER_APPICON_NAME = AppIcon;
				CODE_SIGN_STYLE = Automatic;
				DEVELOPMENT_TEAM = 5QDTCYT726;
				INFOPLIST_FILE = Instagram/Info.plist;
				LD_RUNPATH_SEARCH_PATHS = (
					"$(inherited)",
					"@executable_path/Frameworks",
				);
				PRODUCT_BUNDLE_IDENTIFIER = "danyguajiba-gmail.com.Instagram";
				PRODUCT_NAME = "$(TARGET_NAME)";
				TARGETED_DEVICE_FAMILY = "1,2";
			};
			name = Release;
		};
		132CB50E22D3FB7D00BC7056 /* Debug */ = {
			isa = XCBuildConfiguration;
			baseConfigurationReference = E976C967CD37895DBB102EF9 /* Pods-InstagramTests.debug.xcconfig */;
			buildSettings = {
				BUNDLE_LOADER = "$(TEST_HOST)";
				CODE_SIGN_STYLE = Automatic;
				INFOPLIST_FILE = InstagramTests/Info.plist;
				LD_RUNPATH_SEARCH_PATHS = (
					"$(inherited)",
					"@executable_path/Frameworks",
					"@loader_path/Frameworks",
				);
				PRODUCT_BUNDLE_IDENTIFIER = "danyguajiba-gmail.com.InstagramTests";
				PRODUCT_NAME = "$(TARGET_NAME)";
				TARGETED_DEVICE_FAMILY = "1,2";
				TEST_HOST = "$(BUILT_PRODUCTS_DIR)/Instagram.app/Instagram";
			};
			name = Debug;
		};
		132CB50F22D3FB7D00BC7056 /* Release */ = {
			isa = XCBuildConfiguration;
			baseConfigurationReference = 4F45A3664B6B765BEE24FA97 /* Pods-InstagramTests.release.xcconfig */;
			buildSettings = {
				BUNDLE_LOADER = "$(TEST_HOST)";
				CODE_SIGN_STYLE = Automatic;
				INFOPLIST_FILE = InstagramTests/Info.plist;
				LD_RUNPATH_SEARCH_PATHS = (
					"$(inherited)",
					"@executable_path/Frameworks",
					"@loader_path/Frameworks",
				);
				PRODUCT_BUNDLE_IDENTIFIER = "danyguajiba-gmail.com.InstagramTests";
				PRODUCT_NAME = "$(TARGET_NAME)";
				TARGETED_DEVICE_FAMILY = "1,2";
				TEST_HOST = "$(BUILT_PRODUCTS_DIR)/Instagram.app/Instagram";
			};
			name = Release;
		};
		132CB51122D3FB7D00BC7056 /* Debug */ = {
			isa = XCBuildConfiguration;
			baseConfigurationReference = 03784544AB1D6D827C16E155 /* Pods-InstagramUITests.debug.xcconfig */;
			buildSettings = {
				CODE_SIGN_STYLE = Automatic;
				INFOPLIST_FILE = InstagramUITests/Info.plist;
				LD_RUNPATH_SEARCH_PATHS = (
					"$(inherited)",
					"@executable_path/Frameworks",
					"@loader_path/Frameworks",
				);
				PRODUCT_BUNDLE_IDENTIFIER = "danyguajiba-gmail.com.InstagramUITests";
				PRODUCT_NAME = "$(TARGET_NAME)";
				TARGETED_DEVICE_FAMILY = "1,2";
				TEST_TARGET_NAME = Instagram;
			};
			name = Debug;
		};
		132CB51222D3FB7D00BC7056 /* Release */ = {
			isa = XCBuildConfiguration;
			baseConfigurationReference = 0EDD088E4BBD85427FEEA33E /* Pods-InstagramUITests.release.xcconfig */;
			buildSettings = {
				CODE_SIGN_STYLE = Automatic;
				INFOPLIST_FILE = InstagramUITests/Info.plist;
				LD_RUNPATH_SEARCH_PATHS = (
					"$(inherited)",
					"@executable_path/Frameworks",
					"@loader_path/Frameworks",
				);
				PRODUCT_BUNDLE_IDENTIFIER = "danyguajiba-gmail.com.InstagramUITests";
				PRODUCT_NAME = "$(TARGET_NAME)";
				TARGETED_DEVICE_FAMILY = "1,2";
				TEST_TARGET_NAME = Instagram;
			};
			name = Release;
		};
/* End XCBuildConfiguration section */

/* Begin XCConfigurationList section */
		132CB4D922D3FB7C00BC7056 /* Build configuration list for PBXProject "Instagram" */ = {
			isa = XCConfigurationList;
			buildConfigurations = (
				132CB50822D3FB7D00BC7056 /* Debug */,
				132CB50922D3FB7D00BC7056 /* Release */,
			);
			defaultConfigurationIsVisible = 0;
			defaultConfigurationName = Release;
		};
		132CB50A22D3FB7D00BC7056 /* Build configuration list for PBXNativeTarget "Instagram" */ = {
			isa = XCConfigurationList;
			buildConfigurations = (
				132CB50B22D3FB7D00BC7056 /* Debug */,
				132CB50C22D3FB7D00BC7056 /* Release */,
			);
			defaultConfigurationIsVisible = 0;
			defaultConfigurationName = Release;
		};
		132CB50D22D3FB7D00BC7056 /* Build configuration list for PBXNativeTarget "InstagramTests" */ = {
			isa = XCConfigurationList;
			buildConfigurations = (
				132CB50E22D3FB7D00BC7056 /* Debug */,
				132CB50F22D3FB7D00BC7056 /* Release */,
			);
			defaultConfigurationIsVisible = 0;
			defaultConfigurationName = Release;
		};
		132CB51022D3FB7D00BC7056 /* Build configuration list for PBXNativeTarget "InstagramUITests" */ = {
			isa = XCConfigurationList;
			buildConfigurations = (
				132CB51122D3FB7D00BC7056 /* Debug */,
				132CB51222D3FB7D00BC7056 /* Release */,
			);
			defaultConfigurationIsVisible = 0;
			defaultConfigurationName = Release;
		};
/* End XCConfigurationList section */
	};
	rootObject = 132CB4D622D3FB7C00BC7056 /* Project object */;
}
